
Microsoft Visual Studio Solution File, Format Version 12.00
# Visual Studio Version 16
VisualStudioVersion = 16.0.31410.357
MinimumVisualStudioVersion = 10.0.40219.1
Project("{FAE04EC0-301F-11D3-BF4B-00C04F79EFBC}") = "TortugaS_Koslov", "TortugaS_Koslov\TortugaS_Koslov.csproj", "{C5BDF2E9-5FAE-44A9-AC43-5AA0B0D84062}"
EndProject
Global
	GlobalSection(SolutionConfigurationPlatforms) = preSolution
		Debug|Any CPU = Debug|Any CPU
		Release|Any CPU = Release|Any CPU
	EndGlobalSection
	GlobalSection(ProjectConfigurationPlatforms) = postSolution
		{C5BDF2E9-5FAE-44A9-AC43-5AA0B0D84062}.Debug|Any CPU.ActiveCfg = Debug|Any CPU
		{C5BDF2E9-5FAE-44A9-AC43-5AA0B0D84062}.Debug|Any CPU.Build.0 = Debug|Any CPU
		{C5BDF2E9-5FAE-44A9-AC43-5AA0B0D84062}.Release|Any CPU.ActiveCfg = Release|Any CPU
		{C5BDF2E9-5FAE-44A9-AC43-5AA0B0D84062}.Release|Any CPU.Build.0 = Release|Any CPU
	EndGlobalSection
	GlobalSection(SolutionProperties) = preSolution
		HideSolutionNode = FALSE
	EndGlobalSection
	GlobalSection(ExtensibilityGlobals) = postSolution
		SolutionGuid = {F60A4FA3-7846-411B-970C-B29FACADE137}
	EndGlobalSection
EndGlobal
